
Microsoft Visual Studio Solution File, Format Version 12.00
# Visual Studio Version 17
VisualStudioVersion = 17.6.33723.286
MinimumVisualStudioVersion = 10.0.40219.1
Project("{2150E333-8FDC-42A3-9474-1A3956D46DE8}") = "03_module", "03_module", "{ED50B907-02F5-4B58-8897-7747A229572D}"
EndProject
Project("{2150E333-8FDC-42A3-9474-1A3956D46DE8}") = "02_src", "02_src", "{975B4C1B-D90E-4FDE-9BE7-F932EE7B3E8F}"
	ProjectSection(SolutionItems) = preProject
		02_src\Directory.Build.props = 02_src\Directory.Build.props
	EndProjectSection
EndProject
Project("{2150E333-8FDC-42A3-9474-1A3956D46DE8}") = "01_host", "01_host", "{1933C461-B4C3-4FC4-A646-0090723F4D70}"
EndProject
Project("{2150E333-8FDC-42A3-9474-1A3956D46DE8}") = "00_build", "00_build", "{2CEDD15B-A3B8-4CC3-8E44-D8D1F0528CB3}"
	ProjectSection(SolutionItems) = preProject
		03_module\Directory.Build.props = 03_module\Directory.Build.props
		build\module.build.targets = build\module.build.targets
	EndProjectSection
EndProject
Project("{2150E333-8FDC-42A3-9474-1A3956D46DE8}") = "00_Utils", "00_Utils", "{84E17964-4C54-46F2-94E8-7914B3FB760C}"
EndProject
Project("{9A19103F-16F7-4668-BE54-9A1E7A4F7556}") = "Utils.Core", "03_module\00_Utils\Utils.Core\Utils.Core.csproj", "{A2719D8E-9DA1-43A8-A15F-1D0CF458A64D}"
EndProject
Project("{9A19103F-16F7-4668-BE54-9A1E7A4F7556}") = "Utils.Web", "03_module\00_Utils\Utils.Web\Utils.Web.csproj", "{8C35EA9D-437E-4766-A63F-DC99A87DC8AD}"
EndProject
Project("{2150E333-8FDC-42A3-9474-1A3956D46DE8}") = "04_DynamicApi", "04_DynamicApi", "{675B4970-0FD1-4423-B10B-9DC162CD61FB}"
EndProject
Project("{9A19103F-16F7-4668-BE54-9A1E7A4F7556}") = "DynamicApi", "03_module\04_DynamicApi\DynamicApi\DynamicApi.csproj", "{56F8DF44-C5DB-40F6-B5C7-0E49D03C1AE9}"
EndProject
Project("{2150E333-8FDC-42A3-9474-1A3956D46DE8}") = "03_Modularity", "03_Modularity", "{FD51F48F-E9BC-4E51-B05F-DF8464422698}"
EndProject
Project("{9A19103F-16F7-4668-BE54-9A1E7A4F7556}") = "Modularity.Abstractions", "03_module\03_Modularity\Modularity.Abstractions\Modularity.Abstractions.csproj", "{9A4AE948-6E09-4F2A-9459-93DFFE758180}"
EndProject
Project("{9A19103F-16F7-4668-BE54-9A1E7A4F7556}") = "Modularity.Core", "03_module\03_Modularity\Modularity.Core\Modularity.Core.csproj", "{4BB178BE-2843-4741-8C07-A3EB818077BB}"
EndProject
Project("{2150E333-8FDC-42A3-9474-1A3956D46DE8}") = "02_Serilog", "02_Serilog", "{A95BD4C2-5204-4241-8A6E-5D519ECBC15F}"
EndProject
Project("{9A19103F-16F7-4668-BE54-9A1E7A4F7556}") = "SerilogLogger", "03_module\02_Serilog\SerilogLogger\SerilogLogger.csproj", "{FAF6DBD9-709E-46A1-872C-61AFC7EB3A7C}"
EndProject
Project("{2150E333-8FDC-42A3-9474-1A3956D46DE8}") = "05_Data", "05_Data", "{12E01410-4E3B-4A5A-880E-C7023E0D5AFE}"
EndProject
Project("{2150E333-8FDC-42A3-9474-1A3956D46DE8}") = "06_Mapster", "06_Mapster", "{583F2394-1974-4B44-866C-4C5A91486278}"
EndProject
Project("{9A19103F-16F7-4668-BE54-9A1E7A4F7556}") = "Mapster", "03_module\06_Mapster\Mapster\Mapster.csproj", "{088B7AF2-11DC-4E4D-9076-24D4F50F9F91}"
EndProject
Project("{9A19103F-16F7-4668-BE54-9A1E7A4F7556}") = "Data.Abstractions", "03_module\05_Data\Data.Abstractions\Data.Abstractions.csproj", "{741BFBCD-7CE6-4D87-88A3-CBEBF39FB58D}"
EndProject
Project("{9A19103F-16F7-4668-BE54-9A1E7A4F7556}") = "Data.Core", "03_module\05_Data\Data.Core\Data.Core.csproj", "{2354F0BC-906A-489A-87E2-5C89C4F54B34}"
EndProject
Project("{2150E333-8FDC-42A3-9474-1A3956D46DE8}") = "07_Swashbuckle", "07_Swashbuckle", "{2B9970A5-3941-4060-B9B4-1D2FDB42D567}"
EndProject
Project("{9A19103F-16F7-4668-BE54-9A1E7A4F7556}") = "Swashbuckle", "03_module\07_Swashbuckle\Swashbuckle\Swashbuckle.csproj", "{FB3A6171-8FE8-489F-946B-8523EDD174B8}"
EndProject
Project("{2150E333-8FDC-42A3-9474-1A3956D46DE8}") = "08_Validation", "08_Validation", "{1B5EE54E-02AE-4A0F-8DB6-8428880B2D15}"
EndProject
Project("{2150E333-8FDC-42A3-9474-1A3956D46DE8}") = "09_Redis", "09_Redis", "{176BF149-D3B0-499C-B5AC-A4371EEF01CF}"
EndProject
Project("{2150E333-8FDC-42A3-9474-1A3956D46DE8}") = "10_Auth", "10_Auth", "{AB132867-AA0C-41D3-8D3A-13ABFEDE2415}"
EndProject
Project("{2150E333-8FDC-42A3-9474-1A3956D46DE8}") = "11_Event", "11_Event", "{C895D05C-A5A2-4BC4-93C5-8C9A15FBFA91}"
EndProject
Project("{2150E333-8FDC-42A3-9474-1A3956D46DE8}") = "12_QuartzJob", "12_QuartzJob", "{9DCAA374-FF57-4A2F-89A1-7DB025AE8282}"
EndProject
Project("{9A19103F-16F7-4668-BE54-9A1E7A4F7556}") = "FreeRedis", "03_module\09_Redis\FreeRedis\FreeRedis.csproj", "{168EDCC6-D66D-4BFE-A749-BAFD0242268E}"
EndProject
Project("{9A19103F-16F7-4668-BE54-9A1E7A4F7556}") = "Local.Event", "03_module\11_Event\Local.Event\Local.Event.csproj", "{38B00F6B-9FFC-4452-91DB-B6263E1DF582}"
EndProject
Project("{9A19103F-16F7-4668-BE54-9A1E7A4F7556}") = "Auth.Abstractions", "03_module\10_Auth\Auth.Abstractions\Auth.Abstractions.csproj", "{91C5D58C-EAB6-447D-B4F0-F469F9F0944F}"
EndProject
Project("{9A19103F-16F7-4668-BE54-9A1E7A4F7556}") = "Auth.Jwt", "03_module\10_Auth\Auth.Jwt\Auth.Jwt.csproj", "{F63F0C47-AE92-420B-992F-809003EAE3D8}"
EndProject
Project("{9A19103F-16F7-4668-BE54-9A1E7A4F7556}") = "Auth.Web", "03_module\10_Auth\Auth.Web\Auth.Web.csproj", "{C8EAAEB0-71AD-40C1-9876-57AEBF76DC46}"
EndProject
Project("{9A19103F-16F7-4668-BE54-9A1E7A4F7556}") = "Validation.Abstractions", "03_module\08_Validation\Validation.Abstractions\Validation.Abstractions.csproj", "{B7FCD1EA-509B-4AD9-B081-420F91379262}"
EndProject
Project("{9A19103F-16F7-4668-BE54-9A1E7A4F7556}") = "QuartzJob.Core", "03_module\12_QuartzJob\QuartzJob.Core\QuartzJob.Core.csproj", "{CC157776-6413-4557-B850-A0079F307ECB}"
EndProject
Project("{9A19103F-16F7-4668-BE54-9A1E7A4F7556}") = "Slm.HttpApi.Host", "01_host\Slm.HttpApi.Host\Slm.HttpApi.Host.csproj", "{C3B53BB2-AF79-45D3-9E61-8C598EC0205A}"
EndProject
Project("{9A19103F-16F7-4668-BE54-9A1E7A4F7556}") = "Sys.Domain.Shared", "02_src\00_Sys\Sys.Domain.Shared\Sys.Domain.Shared.csproj", "{DE9C2FDE-87C4-4910-8E08-26EB999EE008}"
EndProject
Project("{9A19103F-16F7-4668-BE54-9A1E7A4F7556}") = "Sys.Domain", "02_src\00_Sys\Sys.Domain\Sys.Domain.csproj", "{650E1348-BE82-480D-8A62-2622FD1A1F63}"
EndProject
Project("{9A19103F-16F7-4668-BE54-9A1E7A4F7556}") = "Sys.Domain.Sqlsugar", "02_src\00_Sys\Sys.Domain.Sqlsugar\Sys.Domain.Sqlsugar.csproj", "{A51557CF-E3A4-461F-AF60-660D5A1F2FAA}"
EndProject
Project("{9A19103F-16F7-4668-BE54-9A1E7A4F7556}") = "Sys.Application", "02_src\00_Sys\Sys.Application\Sys.Application.csproj", "{19362883-3FA2-41C7-9BD7-160BB36F357E}"
EndProject
Project("{9A19103F-16F7-4668-BE54-9A1E7A4F7556}") = "Sys.HttpApi", "02_src\00_Sys\Sys.HttpApi\Sys.HttpApi.csproj", "{2CF66476-A938-4503-9F52-190D340281AB}"
EndProject
Project("{9A19103F-16F7-4668-BE54-9A1E7A4F7556}") = "Validation.FluentValidation", "03_module\08_Validation\Validation.FluentValidation\Validation.FluentValidation.csproj", "{64C2E953-069A-4490-A136-57D31D3FBE5A}"
EndProject
Project("{9A19103F-16F7-4668-BE54-9A1E7A4F7556}") = "AutoFacInjection", "03_module\05_Data\AutoFacInjection\AutoFacInjection.csproj", "{ECAC8FE0-1FBA-4195-8F17-D071F18AAA23}"
EndProject
Global
	GlobalSection(SolutionConfigurationPlatforms) = preSolution
		Debug|Any CPU = Debug|Any CPU
		Release|Any CPU = Release|Any CPU
	EndGlobalSection
	GlobalSection(ProjectConfigurationPlatforms) = postSolution
		{A2719D8E-9DA1-43A8-A15F-1D0CF458A64D}.Debug|Any CPU.ActiveCfg = Debug|Any CPU
		{A2719D8E-9DA1-43A8-A15F-1D0CF458A64D}.Debug|Any CPU.Build.0 = Debug|Any CPU
		{A2719D8E-9DA1-43A8-A15F-1D0CF458A64D}.Release|Any CPU.ActiveCfg = Release|Any CPU
		{A2719D8E-9DA1-43A8-A15F-1D0CF458A64D}.Release|Any CPU.Build.0 = Release|Any CPU
		{8C35EA9D-437E-4766-A63F-DC99A87DC8AD}.Debug|Any CPU.ActiveCfg = Debug|Any CPU
		{8C35EA9D-437E-4766-A63F-DC99A87DC8AD}.Debug|Any CPU.Build.0 = Debug|Any CPU
		{8C35EA9D-437E-4766-A63F-DC99A87DC8AD}.Release|Any CPU.ActiveCfg = Release|Any CPU
		{8C35EA9D-437E-4766-A63F-DC99A87DC8AD}.Release|Any CPU.Build.0 = Release|Any CPU
		{56F8DF44-C5DB-40F6-B5C7-0E49D03C1AE9}.Debug|Any CPU.ActiveCfg = Debug|Any CPU
		{56F8DF44-C5DB-40F6-B5C7-0E49D03C1AE9}.Debug|Any CPU.Build.0 = Debug|Any CPU
		{56F8DF44-C5DB-40F6-B5C7-0E49D03C1AE9}.Release|Any CPU.ActiveCfg = Release|Any CPU
		{56F8DF44-C5DB-40F6-B5C7-0E49D03C1AE9}.Release|Any CPU.Build.0 = Release|Any CPU
		{9A4AE948-6E09-4F2A-9459-93DFFE758180}.Debug|Any CPU.ActiveCfg = Debug|Any CPU
		{9A4AE948-6E09-4F2A-9459-93DFFE758180}.Debug|Any CPU.Build.0 = Debug|Any CPU
		{9A4AE948-6E09-4F2A-9459-93DFFE758180}.Release|Any CPU.ActiveCfg = Release|Any CPU
		{9A4AE948-6E09-4F2A-9459-93DFFE758180}.Release|Any CPU.Build.0 = Release|Any CPU
		{4BB178BE-2843-4741-8C07-A3EB818077BB}.Debug|Any CPU.ActiveCfg = Debug|Any CPU
		{4BB178BE-2843-4741-8C07-A3EB818077BB}.Debug|Any CPU.Build.0 = Debug|Any CPU
		{4BB178BE-2843-4741-8C07-A3EB818077BB}.Release|Any CPU.ActiveCfg = Release|Any CPU
		{4BB178BE-2843-4741-8C07-A3EB818077BB}.Release|Any CPU.Build.0 = Release|Any CPU
		{FAF6DBD9-709E-46A1-872C-61AFC7EB3A7C}.Debug|Any CPU.ActiveCfg = Debug|Any CPU
		{FAF6DBD9-709E-46A1-872C-61AFC7EB3A7C}.Debug|Any CPU.Build.0 = Debug|Any CPU
		{FAF6DBD9-709E-46A1-872C-61AFC7EB3A7C}.Release|Any CPU.ActiveCfg = Release|Any CPU
		{FAF6DBD9-709E-46A1-872C-61AFC7EB3A7C}.Release|Any CPU.Build.0 = Release|Any CPU
		{088B7AF2-11DC-4E4D-9076-24D4F50F9F91}.Debug|Any CPU.ActiveCfg = Debug|Any CPU
		{088B7AF2-11DC-4E4D-9076-24D4F50F9F91}.Debug|Any CPU.Build.0 = Debug|Any CPU
		{088B7AF2-11DC-4E4D-9076-24D4F50F9F91}.Release|Any CPU.ActiveCfg = Release|Any CPU
		{088B7AF2-11DC-4E4D-9076-24D4F50F9F91}.Release|Any CPU.Build.0 = Release|Any CPU
		{741BFBCD-7CE6-4D87-88A3-CBEBF39FB58D}.Debug|Any CPU.ActiveCfg = Debug|Any CPU
		{741BFBCD-7CE6-4D87-88A3-CBEBF39FB58D}.Debug|Any CPU.Build.0 = Debug|Any CPU
		{741BFBCD-7CE6-4D87-88A3-CBEBF39FB58D}.Release|Any CPU.ActiveCfg = Release|Any CPU
		{741BFBCD-7CE6-4D87-88A3-CBEBF39FB58D}.Release|Any CPU.Build.0 = Release|Any CPU
		{2354F0BC-906A-489A-87E2-5C89C4F54B34}.Debug|Any CPU.ActiveCfg = Debug|Any CPU
		{2354F0BC-906A-489A-87E2-5C89C4F54B34}.Debug|Any CPU.Build.0 = Debug|Any CPU
		{2354F0BC-906A-489A-87E2-5C89C4F54B34}.Release|Any CPU.ActiveCfg = Release|Any CPU
		{2354F0BC-906A-489A-87E2-5C89C4F54B34}.Release|Any CPU.Build.0 = Release|Any CPU
		{FB3A6171-8FE8-489F-946B-8523EDD174B8}.Debug|Any CPU.ActiveCfg = Debug|Any CPU
		{FB3A6171-8FE8-489F-946B-8523EDD174B8}.Debug|Any CPU.Build.0 = Debug|Any CPU
		{FB3A6171-8FE8-489F-946B-8523EDD174B8}.Release|Any CPU.ActiveCfg = Release|Any CPU
		{FB3A6171-8FE8-489F-946B-8523EDD174B8}.Release|Any CPU.Build.0 = Release|Any CPU
		{168EDCC6-D66D-4BFE-A749-BAFD0242268E}.Debug|Any CPU.ActiveCfg = Debug|Any CPU
		{168EDCC6-D66D-4BFE-A749-BAFD0242268E}.Debug|Any CPU.Build.0 = Debug|Any CPU
		{168EDCC6-D66D-4BFE-A749-BAFD0242268E}.Release|Any CPU.ActiveCfg = Release|Any CPU
		{168EDCC6-D66D-4BFE-A749-BAFD0242268E}.Release|Any CPU.Build.0 = Release|Any CPU
		{38B00F6B-9FFC-4452-91DB-B6263E1DF582}.Debug|Any CPU.ActiveCfg = Debug|Any CPU
		{38B00F6B-9FFC-4452-91DB-B6263E1DF582}.Debug|Any CPU.Build.0 = Debug|Any CPU
		{38B00F6B-9FFC-4452-91DB-B6263E1DF582}.Release|Any CPU.ActiveCfg = Release|Any CPU
		{38B00F6B-9FFC-4452-91DB-B6263E1DF582}.Release|Any CPU.Build.0 = Release|Any CPU
		{91C5D58C-EAB6-447D-B4F0-F469F9F0944F}.Debug|Any CPU.ActiveCfg = Debug|Any CPU
		{91C5D58C-EAB6-447D-B4F0-F469F9F0944F}.Debug|Any CPU.Build.0 = Debug|Any CPU
		{91C5D58C-EAB6-447D-B4F0-F469F9F0944F}.Release|Any CPU.ActiveCfg = Release|Any CPU
		{91C5D58C-EAB6-447D-B4F0-F469F9F0944F}.Release|Any CPU.Build.0 = Release|Any CPU
		{F63F0C47-AE92-420B-992F-809003EAE3D8}.Debug|Any CPU.ActiveCfg = Debug|Any CPU
		{F63F0C47-AE92-420B-992F-809003EAE3D8}.Debug|Any CPU.Build.0 = Debug|Any CPU
		{F63F0C47-AE92-420B-992F-809003EAE3D8}.Release|Any CPU.ActiveCfg = Release|Any CPU
		{F63F0C47-AE92-420B-992F-809003EAE3D8}.Release|Any CPU.Build.0 = Release|Any CPU
		{C8EAAEB0-71AD-40C1-9876-57AEBF76DC46}.Debug|Any CPU.ActiveCfg = Debug|Any CPU
		{C8EAAEB0-71AD-40C1-9876-57AEBF76DC46}.Debug|Any CPU.Build.0 = Debug|Any CPU
		{C8EAAEB0-71AD-40C1-9876-57AEBF76DC46}.Release|Any CPU.ActiveCfg = Release|Any CPU
		{C8EAAEB0-71AD-40C1-9876-57AEBF76DC46}.Release|Any CPU.Build.0 = Release|Any CPU
		{B7FCD1EA-509B-4AD9-B081-420F91379262}.Debug|Any CPU.ActiveCfg = Debug|Any CPU
		{B7FCD1EA-509B-4AD9-B081-420F91379262}.Debug|Any CPU.Build.0 = Debug|Any CPU
		{B7FCD1EA-509B-4AD9-B081-420F91379262}.Release|Any CPU.ActiveCfg = Release|Any CPU
		{B7FCD1EA-509B-4AD9-B081-420F91379262}.Release|Any CPU.Build.0 = Release|Any CPU
		{CC157776-6413-4557-B850-A0079F307ECB}.Debug|Any CPU.ActiveCfg = Debug|Any CPU
		{CC157776-6413-4557-B850-A0079F307ECB}.Debug|Any CPU.Build.0 = Debug|Any CPU
		{CC157776-6413-4557-B850-A0079F307ECB}.Release|Any CPU.ActiveCfg = Release|Any CPU
		{CC157776-6413-4557-B850-A0079F307ECB}.Release|Any CPU.Build.0 = Release|Any CPU
		{C3B53BB2-AF79-45D3-9E61-8C598EC0205A}.Debug|Any CPU.ActiveCfg = Debug|Any CPU
		{C3B53BB2-AF79-45D3-9E61-8C598EC0205A}.Debug|Any CPU.Build.0 = Debug|Any CPU
		{C3B53BB2-AF79-45D3-9E61-8C598EC0205A}.Release|Any CPU.ActiveCfg = Release|Any CPU
		{C3B53BB2-AF79-45D3-9E61-8C598EC0205A}.Release|Any CPU.Build.0 = Release|Any CPU
		{DE9C2FDE-87C4-4910-8E08-26EB999EE008}.Debug|Any CPU.ActiveCfg = Debug|Any CPU
		{DE9C2FDE-87C4-4910-8E08-26EB999EE008}.Debug|Any CPU.Build.0 = Debug|Any CPU
		{DE9C2FDE-87C4-4910-8E08-26EB999EE008}.Release|Any CPU.ActiveCfg = Release|Any CPU
		{DE9C2FDE-87C4-4910-8E08-26EB999EE008}.Release|Any CPU.Build.0 = Release|Any CPU
		{650E1348-BE82-480D-8A62-2622FD1A1F63}.Debug|Any CPU.ActiveCfg = Debug|Any CPU
		{650E1348-BE82-480D-8A62-2622FD1A1F63}.Debug|Any CPU.Build.0 = Debug|Any CPU
		{650E1348-BE82-480D-8A62-2622FD1A1F63}.Release|Any CPU.ActiveCfg = Release|Any CPU
		{650E1348-BE82-480D-8A62-2622FD1A1F63}.Release|Any CPU.Build.0 = Release|Any CPU
		{A51557CF-E3A4-461F-AF60-660D5A1F2FAA}.Debug|Any CPU.ActiveCfg = Debug|Any CPU
		{A51557CF-E3A4-461F-AF60-660D5A1F2FAA}.Debug|Any CPU.Build.0 = Debug|Any CPU
		{A51557CF-E3A4-461F-AF60-660D5A1F2FAA}.Release|Any CPU.ActiveCfg = Release|Any CPU
		{A51557CF-E3A4-461F-AF60-660D5A1F2FAA}.Release|Any CPU.Build.0 = Release|Any CPU
		{19362883-3FA2-41C7-9BD7-160BB36F357E}.Debug|Any CPU.ActiveCfg = Debug|Any CPU
		{19362883-3FA2-41C7-9BD7-160BB36F357E}.Debug|Any CPU.Build.0 = Debug|Any CPU
		{19362883-3FA2-41C7-9BD7-160BB36F357E}.Release|Any CPU.ActiveCfg = Release|Any CPU
		{19362883-3FA2-41C7-9BD7-160BB36F357E}.Release|Any CPU.Build.0 = Release|Any CPU
		{2CF66476-A938-4503-9F52-190D340281AB}.Debug|Any CPU.ActiveCfg = Debug|Any CPU
		{2CF66476-A938-4503-9F52-190D340281AB}.Debug|Any CPU.Build.0 = Debug|Any CPU
		{2CF66476-A938-4503-9F52-190D340281AB}.Release|Any CPU.ActiveCfg = Release|Any CPU
		{2CF66476-A938-4503-9F52-190D340281AB}.Release|Any CPU.Build.0 = Release|Any CPU
		{64C2E953-069A-4490-A136-57D31D3FBE5A}.Debug|Any CPU.ActiveCfg = Debug|Any CPU
		{64C2E953-069A-4490-A136-57D31D3FBE5A}.Debug|Any CPU.Build.0 = Debug|Any CPU
		{64C2E953-069A-4490-A136-57D31D3FBE5A}.Release|Any CPU.ActiveCfg = Release|Any CPU
		{64C2E953-069A-4490-A136-57D31D3FBE5A}.Release|Any CPU.Build.0 = Release|Any CPU
		{ECAC8FE0-1FBA-4195-8F17-D071F18AAA23}.Debug|Any CPU.ActiveCfg = Debug|Any CPU
		{ECAC8FE0-1FBA-4195-8F17-D071F18AAA23}.Debug|Any CPU.Build.0 = Debug|Any CPU
		{ECAC8FE0-1FBA-4195-8F17-D071F18AAA23}.Release|Any CPU.ActiveCfg = Release|Any CPU
		{ECAC8FE0-1FBA-4195-8F17-D071F18AAA23}.Release|Any CPU.Build.0 = Release|Any CPU
	EndGlobalSection
	GlobalSection(SolutionProperties) = preSolution
		HideSolutionNode = FALSE
	EndGlobalSection
	GlobalSection(NestedProjects) = preSolution
		{84E17964-4C54-46F2-94E8-7914B3FB760C} = {ED50B907-02F5-4B58-8897-7747A229572D}
		{A2719D8E-9DA1-43A8-A15F-1D0CF458A64D} = {84E17964-4C54-46F2-94E8-7914B3FB760C}
		{8C35EA9D-437E-4766-A63F-DC99A87DC8AD} = {84E17964-4C54-46F2-94E8-7914B3FB760C}
		{675B4970-0FD1-4423-B10B-9DC162CD61FB} = {ED50B907-02F5-4B58-8897-7747A229572D}
		{56F8DF44-C5DB-40F6-B5C7-0E49D03C1AE9} = {675B4970-0FD1-4423-B10B-9DC162CD61FB}
		{FD51F48F-E9BC-4E51-B05F-DF8464422698} = {ED50B907-02F5-4B58-8897-7747A229572D}
		{9A4AE948-6E09-4F2A-9459-93DFFE758180} = {FD51F48F-E9BC-4E51-B05F-DF8464422698}
		{4BB178BE-2843-4741-8C07-A3EB818077BB} = {FD51F48F-E9BC-4E51-B05F-DF8464422698}
		{A95BD4C2-5204-4241-8A6E-5D519ECBC15F} = {ED50B907-02F5-4B58-8897-7747A229572D}
		{FAF6DBD9-709E-46A1-872C-61AFC7EB3A7C} = {A95BD4C2-5204-4241-8A6E-5D519ECBC15F}
		{12E01410-4E3B-4A5A-880E-C7023E0D5AFE} = {ED50B907-02F5-4B58-8897-7747A229572D}
		{583F2394-1974-4B44-866C-4C5A91486278} = {ED50B907-02F5-4B58-8897-7747A229572D}
		{088B7AF2-11DC-4E4D-9076-24D4F50F9F91} = {583F2394-1974-4B44-866C-4C5A91486278}
		{741BFBCD-7CE6-4D87-88A3-CBEBF39FB58D} = {12E01410-4E3B-4A5A-880E-C7023E0D5AFE}
		{2354F0BC-906A-489A-87E2-5C89C4F54B34} = {12E01410-4E3B-4A5A-880E-C7023E0D5AFE}
		{2B9970A5-3941-4060-B9B4-1D2FDB42D567} = {ED50B907-02F5-4B58-8897-7747A229572D}
		{FB3A6171-8FE8-489F-946B-8523EDD174B8} = {2B9970A5-3941-4060-B9B4-1D2FDB42D567}
		{1B5EE54E-02AE-4A0F-8DB6-8428880B2D15} = {ED50B907-02F5-4B58-8897-7747A229572D}
		{176BF149-D3B0-499C-B5AC-A4371EEF01CF} = {ED50B907-02F5-4B58-8897-7747A229572D}
		{AB132867-AA0C-41D3-8D3A-13ABFEDE2415} = {ED50B907-02F5-4B58-8897-7747A229572D}
		{C895D05C-A5A2-4BC4-93C5-8C9A15FBFA91} = {ED50B907-02F5-4B58-8897-7747A229572D}
		{9DCAA374-FF57-4A2F-89A1-7DB025AE8282} = {ED50B907-02F5-4B58-8897-7747A229572D}
		{168EDCC6-D66D-4BFE-A749-BAFD0242268E} = {176BF149-D3B0-499C-B5AC-A4371EEF01CF}
		{38B00F6B-9FFC-4452-91DB-B6263E1DF582} = {C895D05C-A5A2-4BC4-93C5-8C9A15FBFA91}
		{91C5D58C-EAB6-447D-B4F0-F469F9F0944F} = {AB132867-AA0C-41D3-8D3A-13ABFEDE2415}
		{F63F0C47-AE92-420B-992F-809003EAE3D8} = {AB132867-AA0C-41D3-8D3A-13ABFEDE2415}
		{C8EAAEB0-71AD-40C1-9876-57AEBF76DC46} = {AB132867-AA0C-41D3-8D3A-13ABFEDE2415}
		{B7FCD1EA-509B-4AD9-B081-420F91379262} = {1B5EE54E-02AE-4A0F-8DB6-8428880B2D15}
		{CC157776-6413-4557-B850-A0079F307ECB} = {9DCAA374-FF57-4A2F-89A1-7DB025AE8282}
		{C3B53BB2-AF79-45D3-9E61-8C598EC0205A} = {1933C461-B4C3-4FC4-A646-0090723F4D70}
		{DE9C2FDE-87C4-4910-8E08-26EB999EE008} = {975B4C1B-D90E-4FDE-9BE7-F932EE7B3E8F}
		{650E1348-BE82-480D-8A62-2622FD1A1F63} = {975B4C1B-D90E-4FDE-9BE7-F932EE7B3E8F}
		{A51557CF-E3A4-461F-AF60-660D5A1F2FAA} = {975B4C1B-D90E-4FDE-9BE7-F932EE7B3E8F}
		{19362883-3FA2-41C7-9BD7-160BB36F357E} = {975B4C1B-D90E-4FDE-9BE7-F932EE7B3E8F}
		{2CF66476-A938-4503-9F52-190D340281AB} = {975B4C1B-D90E-4FDE-9BE7-F932EE7B3E8F}
		{64C2E953-069A-4490-A136-57D31D3FBE5A} = {1B5EE54E-02AE-4A0F-8DB6-8428880B2D15}
		{ECAC8FE0-1FBA-4195-8F17-D071F18AAA23} = {12E01410-4E3B-4A5A-880E-C7023E0D5AFE}
	EndGlobalSection
	GlobalSection(ExtensibilityGlobals) = postSolution
		SolutionGuid = {746CC2CA-BB6E-4370-9CD1-EB6761D740E4}
	EndGlobalSection
EndGlobal
